
Microsoft Visual Studio Solution File, Format Version 11.00
# Visual Studio 2010
Project("{FAE04EC0-301F-11D3-BF4B-00C04F79EFBC}") = "FreeRDP", "FreeRDP\FreeRDP.csproj", "{C5E8D831-864B-4BE7-8027-77727D5A6D80}"
EndProject
Project("{FAE04EC0-301F-11D3-BF4B-00C04F79EFBC}") = "NFreeRDP", "NFreeRDP\NFreeRDP.csproj", "{DDCCC18C-7B29-431D-8F48-F6DCD579D272}"
EndProject
Project("{FAE04EC0-301F-11D3-BF4B-00C04F79EFBC}") = "FreeRDP.Server", "FreeRDP.Server\FreeRDP.Server.csproj", "{509571ED-62AD-48D5-ADDE-ECC79FF87223}"
EndProject
Project("{FAE04EC0-301F-11D3-BF4B-00C04F79EFBC}") = "NFreeRDP-Server", "NFreeRDP-Server\NFreeRDP-Server.csproj", "{112B4C2E-6A1B-4ECF-9273-2E11AF8456AF}"
EndProject
Global
	GlobalSection(SolutionConfigurationPlatforms) = preSolution
		Debug|Any CPU = Debug|Any CPU
		Debug|Mixed Platforms = Debug|Mixed Platforms
		Debug|x86 = Debug|x86
		Release|Any CPU = Release|Any CPU
		Release|Mixed Platforms = Release|Mixed Platforms
		Release|x86 = Release|x86
	EndGlobalSection
	GlobalSection(ProjectConfigurationPlatforms) = postSolution
		{C5E8D831-864B-4BE7-8027-77727D5A6D80}.Debug|Any CPU.ActiveCfg = Debug|Any CPU
		{C5E8D831-864B-4BE7-8027-77727D5A6D80}.Debug|Any CPU.Build.0 = Debug|Any CPU
		{C5E8D831-864B-4BE7-8027-77727D5A6D80}.Debug|Mixed Platforms.ActiveCfg = Debug|Any CPU
		{C5E8D831-864B-4BE7-8027-77727D5A6D80}.Debug|Mixed Platforms.Build.0 = Debug|Any CPU
		{C5E8D831-864B-4BE7-8027-77727D5A6D80}.Debug|x86.ActiveCfg = Debug|Any CPU
		{C5E8D831-864B-4BE7-8027-77727D5A6D80}.Debug|x86.Build.0 = Debug|Any CPU
		{C5E8D831-864B-4BE7-8027-77727D5A6D80}.Release|Any CPU.ActiveCfg = Release|Any CPU
		{C5E8D831-864B-4BE7-8027-77727D5A6D80}.Release|Any CPU.Build.0 = Release|Any CPU
		{C5E8D831-864B-4BE7-8027-77727D5A6D80}.Release|Mixed Platforms.ActiveCfg = Release|Any CPU
		{C5E8D831-864B-4BE7-8027-77727D5A6D80}.Release|Mixed Platforms.Build.0 = Release|Any CPU
		{C5E8D831-864B-4BE7-8027-77727D5A6D80}.Release|x86.ActiveCfg = Release|Any CPU
		{C5E8D831-864B-4BE7-8027-77727D5A6D80}.Release|x86.Build.0 = Release|Any CPU
		{DDCCC18C-7B29-431D-8F48-F6DCD579D272}.Debug|Any CPU.ActiveCfg = Debug|x86
		{DDCCC18C-7B29-431D-8F48-F6DCD579D272}.Debug|Mixed Platforms.ActiveCfg = Debug|x86
		{DDCCC18C-7B29-431D-8F48-F6DCD579D272}.Debug|Mixed Platforms.Build.0 = Debug|x86
		{DDCCC18C-7B29-431D-8F48-F6DCD579D272}.Debug|x86.ActiveCfg = Debug|x86
		{DDCCC18C-7B29-431D-8F48-F6DCD579D272}.Debug|x86.Build.0 = Debug|x86
		{DDCCC18C-7B29-431D-8F48-F6DCD579D272}.Release|Any CPU.ActiveCfg = Release|x86
		{DDCCC18C-7B29-431D-8F48-F6DCD579D272}.Release|Mixed Platforms.ActiveCfg = Release|x86
		{DDCCC18C-7B29-431D-8F48-F6DCD579D272}.Release|Mixed Platforms.Build.0 = Release|x86
		{DDCCC18C-7B29-431D-8F48-F6DCD579D272}.Release|x86.ActiveCfg = Release|x86
		{DDCCC18C-7B29-431D-8F48-F6DCD579D272}.Release|x86.Build.0 = Release|x86
		{509571ED-62AD-48D5-ADDE-ECC79FF87223}.Debug|Any CPU.ActiveCfg = Debug|Any CPU
		{509571ED-62AD-48D5-ADDE-ECC79FF87223}.Debug|Any CPU.Build.0 = Debug|Any CPU
		{509571ED-62AD-48D5-ADDE-ECC79FF87223}.Debug|Mixed Platforms.ActiveCfg = Debug|Any CPU
		{509571ED-62AD-48D5-ADDE-ECC79FF87223}.Debug|Mixed Platforms.Build.0 = Debug|Any CPU
		{509571ED-62AD-48D5-ADDE-ECC79FF87223}.Debug|x86.ActiveCfg = Debug|Any CPU
		{509571ED-62AD-48D5-ADDE-ECC79FF87223}.Release|Any CPU.ActiveCfg = Release|Any CPU
		{509571ED-62AD-48D5-ADDE-ECC79FF87223}.Release|Any CPU.Build.0 = Release|Any CPU
		{509571ED-62AD-48D5-ADDE-ECC79FF87223}.Release|Mixed Platforms.ActiveCfg = Release|Any CPU
		{509571ED-62AD-48D5-ADDE-ECC79FF87223}.Release|Mixed Platforms.Build.0 = Release|Any CPU
		{509571ED-62AD-48D5-ADDE-ECC79FF87223}.Release|x86.ActiveCfg = Release|Any CPU
		{112B4C2E-6A1B-4ECF-9273-2E11AF8456AF}.Debug|Any CPU.ActiveCfg = Debug|x86
		{112B4C2E-6A1B-4ECF-9273-2E11AF8456AF}.Debug|Mixed Platforms.ActiveCfg = Debug|x86
		{112B4C2E-6A1B-4ECF-9273-2E11AF8456AF}.Debug|Mixed Platforms.Build.0 = Debug|x86
		{112B4C2E-6A1B-4ECF-9273-2E11AF8456AF}.Debug|x86.ActiveCfg = Debug|x86
		{112B4C2E-6A1B-4ECF-9273-2E11AF8456AF}.Debug|x86.Build.0 = Debug|x86
		{112B4C2E-6A1B-4ECF-9273-2E11AF8456AF}.Release|Any CPU.ActiveCfg = Release|x86
		{112B4C2E-6A1B-4ECF-9273-2E11AF8456AF}.Release|Mixed Platforms.ActiveCfg = Release|x86
		{112B4C2E-6A1B-4ECF-9273-2E11AF8456AF}.Release|Mixed Platforms.Build.0 = Release|x86
		{112B4C2E-6A1B-4ECF-9273-2E11AF8456AF}.Release|x86.ActiveCfg = Release|x86
		{112B4C2E-6A1B-4ECF-9273-2E11AF8456AF}.Release|x86.Build.0 = Release|x86
	EndGlobalSection
	GlobalSection(SolutionProperties) = preSolution
		HideSolutionNode = FALSE
	EndGlobalSection
	GlobalSection(MonoDevelopProperties) = preSolution
		StartupItem = GFreeRDP\GFreeRDP.csproj
		Policies = $0
		$0.DotNetNamingPolicy = $1
		$1.DirectoryNamespaceAssociation = None
		$1.ResourceNamePolicy = FileFormatDefault
		$0.TextStylePolicy = $2
		$2.inheritsSet = null
		$2.scope = text/x-csharp
		$0.CSharpFormattingPolicy = $3
		$3.inheritsSet = Mono
		$3.inheritsScope = text/x-csharp
		$3.scope = text/x-csharp
	EndGlobalSection
EndGlobal
