
Microsoft Visual Studio Solution File, Format Version 11.00
# Visual Studio 2010
Project("{FAE04EC0-301F-11D3-BF4B-00C04F79EFBC}") = "FreeRDP", "FreeRDP\FreeRDP.csproj", "{C5E8D831-864B-4BE7-8027-77727D5A6D80}"
EndProject
Global
	GlobalSection(SolutionConfigurationPlatforms) = preSolution
		Debug|x86 = Debug|x86
		Release|x86 = Release|x86
	EndGlobalSection
	GlobalSection(ProjectConfigurationPlatforms) = postSolution
		{C5E8D831-864B-4BE7-8027-77727D5A6D80}.Debug|x86.ActiveCfg = Debug|Any CPU
		{C5E8D831-864B-4BE7-8027-77727D5A6D80}.Debug|x86.Build.0 = Debug|Any CPU
		{C5E8D831-864B-4BE7-8027-77727D5A6D80}.Release|x86.ActiveCfg = Release|Any CPU
		{C5E8D831-864B-4BE7-8027-77727D5A6D80}.Release|x86.Build.0 = Release|Any CPU
	EndGlobalSection
	GlobalSection(SolutionProperties) = preSolution
		HideSolutionNode = FALSE
	EndGlobalSection
	GlobalSection(MonoDevelopProperties) = preSolution
		StartupItem = Client\Client.csproj
		Policies = $0
		$0.DotNetNamingPolicy = $1
		$1.DirectoryNamespaceAssociation = None
		$1.ResourceNamePolicy = FileFormatDefault
		$0.TextStylePolicy = $2
		$2.inheritsSet = null
		$2.scope = text/x-csharp
		$0.CSharpFormattingPolicy = $3
		$3.inheritsSet = Mono
		$3.inheritsScope = text/x-csharp
		$3.scope = text/x-csharp
	EndGlobalSection
EndGlobal
